
Microsoft Visual Studio Solution File, Format Version 12.00
# Visual Studio Version 16
VisualStudioVersion = 16.0.29230.47
MinimumVisualStudioVersion = 10.0.40219.1
Project("{FAE04EC0-301F-11D3-BF4B-00C04F79EFBC}") = "clickergame", "clickergame\clickergame.csproj", "{70DCD225-1160-4660-8CAC-8B743EF79F3B}"
EndProject
Global
	GlobalSection(SolutionConfigurationPlatforms) = preSolution
		Debug|Any CPU = Debug|Any CPU
		Release|Any CPU = Release|Any CPU
	EndGlobalSection
	GlobalSection(ProjectConfigurationPlatforms) = postSolution
		{70DCD225-1160-4660-8CAC-8B743EF79F3B}.Debug|Any CPU.ActiveCfg = Debug|Any CPU
		{70DCD225-1160-4660-8CAC-8B743EF79F3B}.Debug|Any CPU.Build.0 = Debug|Any CPU
		{70DCD225-1160-4660-8CAC-8B743EF79F3B}.Debug|Any CPU.Deploy.0 = Debug|Any CPU
		{70DCD225-1160-4660-8CAC-8B743EF79F3B}.Release|Any CPU.ActiveCfg = Release|Any CPU
		{70DCD225-1160-4660-8CAC-8B743EF79F3B}.Release|Any CPU.Build.0 = Release|Any CPU
		{70DCD225-1160-4660-8CAC-8B743EF79F3B}.Release|Any CPU.Deploy.0 = Release|Any CPU
	EndGlobalSection
	GlobalSection(SolutionProperties) = preSolution
		HideSolutionNode = FALSE
	EndGlobalSection
	GlobalSection(ExtensibilityGlobals) = postSolution
		SolutionGuid = {BE306A1E-CBD0-4B68-8A4E-F90C5C691EDD}
	EndGlobalSection
EndGlobal
